
Microsoft Visual Studio Solution File, Format Version 12.00
# Visual Studio Version 17
VisualStudioVersion = 17.3.32811.315
MinimumVisualStudioVersion = 10.0.40219.1
Project("{8BC9CEB8-8B4A-11D0-8D11-00A0C91BC942}") = "Pointer3", "Pointer3\Pointer3.vcxproj", "{BE9C9E22-A7C9-4F5F-BE7D-3EC7B45DC438}"
EndProject
Global
	GlobalSection(SolutionConfigurationPlatforms) = preSolution
		Debug|x64 = Debug|x64
		Debug|x86 = Debug|x86
		Release|x64 = Release|x64
		Release|x86 = Release|x86
	EndGlobalSection
	GlobalSection(ProjectConfigurationPlatforms) = postSolution
		{BE9C9E22-A7C9-4F5F-BE7D-3EC7B45DC438}.Debug|x64.ActiveCfg = Debug|x64
		{BE9C9E22-A7C9-4F5F-BE7D-3EC7B45DC438}.Debug|x64.Build.0 = Debug|x64
		{BE9C9E22-A7C9-4F5F-BE7D-3EC7B45DC438}.Debug|x86.ActiveCfg = Debug|Win32
		{BE9C9E22-A7C9-4F5F-BE7D-3EC7B45DC438}.Debug|x86.Build.0 = Debug|Win32
		{BE9C9E22-A7C9-4F5F-BE7D-3EC7B45DC438}.Release|x64.ActiveCfg = Release|x64
		{BE9C9E22-A7C9-4F5F-BE7D-3EC7B45DC438}.Release|x64.Build.0 = Release|x64
		{BE9C9E22-A7C9-4F5F-BE7D-3EC7B45DC438}.Release|x86.ActiveCfg = Release|Win32
		{BE9C9E22-A7C9-4F5F-BE7D-3EC7B45DC438}.Release|x86.Build.0 = Release|Win32
	EndGlobalSection
	GlobalSection(SolutionProperties) = preSolution
		HideSolutionNode = FALSE
	EndGlobalSection
	GlobalSection(ExtensibilityGlobals) = postSolution
		SolutionGuid = {94606C2B-6FD8-426D-8B60-8467DB951EF2}
	EndGlobalSection
EndGlobal
