
Microsoft Visual Studio Solution File, Format Version 12.00
# Visual Studio Version 17
VisualStudioVersion = 17.3.32811.315
MinimumVisualStudioVersion = 10.0.40219.1
Project("{8BC9CEB8-8B4A-11D0-8D11-00A0C91BC942}") = "Structures", "Structures\Structures.vcxproj", "{010811CF-35D6-4C1D-9E97-3545602ECB9A}"
EndProject
Global
	GlobalSection(SolutionConfigurationPlatforms) = preSolution
		Debug|x64 = Debug|x64
		Debug|x86 = Debug|x86
		Release|x64 = Release|x64
		Release|x86 = Release|x86
	EndGlobalSection
	GlobalSection(ProjectConfigurationPlatforms) = postSolution
		{010811CF-35D6-4C1D-9E97-3545602ECB9A}.Debug|x64.ActiveCfg = Debug|x64
		{010811CF-35D6-4C1D-9E97-3545602ECB9A}.Debug|x64.Build.0 = Debug|x64
		{010811CF-35D6-4C1D-9E97-3545602ECB9A}.Debug|x86.ActiveCfg = Debug|Win32
		{010811CF-35D6-4C1D-9E97-3545602ECB9A}.Debug|x86.Build.0 = Debug|Win32
		{010811CF-35D6-4C1D-9E97-3545602ECB9A}.Release|x64.ActiveCfg = Release|x64
		{010811CF-35D6-4C1D-9E97-3545602ECB9A}.Release|x64.Build.0 = Release|x64
		{010811CF-35D6-4C1D-9E97-3545602ECB9A}.Release|x86.ActiveCfg = Release|Win32
		{010811CF-35D6-4C1D-9E97-3545602ECB9A}.Release|x86.Build.0 = Release|Win32
	EndGlobalSection
	GlobalSection(SolutionProperties) = preSolution
		HideSolutionNode = FALSE
	EndGlobalSection
	GlobalSection(ExtensibilityGlobals) = postSolution
		SolutionGuid = {241E3AF8-6BD3-4349-895F-867551B38875}
	EndGlobalSection
EndGlobal
